
Microsoft Visual Studio Solution File, Format Version 12.00
# Visual Studio Version 17
VisualStudioVersion = 17.2.32630.192
MinimumVisualStudioVersion = 10.0.40219.1
Project("{9A19103F-16F7-4668-BE54-9A1E7A4F7556}") = "ESourcing.Products", "ESourcing.Products\ESourcing.Products.csproj", "{6079A212-96FA-48B0-BFEB-8FFF2E182C9D}"
EndProject
Project("{2150E333-8FDC-42A3-9474-1A3956D46DE8}") = "Products", "Products", "{7E2B72D4-78D2-45DB-9148-22D69D0981F1}"
EndProject
Project("{2150E333-8FDC-42A3-9474-1A3956D46DE8}") = "ApiGateway", "ApiGateway", "{141AC2AB-EB1D-4EF5-BEC7-523DEE6194EE}"
EndProject
Project("{2150E333-8FDC-42A3-9474-1A3956D46DE8}") = "WebApp", "WebApp", "{018ECDED-7CC5-4A2D-888A-09B5CF3FDB14}"
EndProject
Project("{2150E333-8FDC-42A3-9474-1A3956D46DE8}") = "Services", "Services", "{D76A338D-2285-484D-B81F-9368287FB391}"
EndProject
Project("{2150E333-8FDC-42A3-9474-1A3956D46DE8}") = "Common", "Common", "{D79A3F5E-2668-4A06-B3F7-0B7BC23CB259}"
EndProject
Project("{2150E333-8FDC-42A3-9474-1A3956D46DE8}") = "Order", "Order", "{60FE1BBA-CF8C-4180-B8C6-D28737CD423A}"
EndProject
Project("{2150E333-8FDC-42A3-9474-1A3956D46DE8}") = "Sourcing", "Sourcing", "{A2FCA806-755A-4199-9FA9-B4731D235B39}"
EndProject
Project("{9A19103F-16F7-4668-BE54-9A1E7A4F7556}") = "ESourcing.Sourcing", "ESourcing.Sourcing\ESourcing.Sourcing.csproj", "{7C119C78-5C76-4784-BC90-566EABD823EE}"
EndProject
Project("{E53339B2-1760-4266-BCC7-CA923CBCF16C}") = "docker-compose", "docker-compose.dcproj", "{872DF891-DD0C-4C82-B5A6-C713AE4588C2}"
EndProject
Project("{9A19103F-16F7-4668-BE54-9A1E7A4F7556}") = "EventBusRabbitMQ", "EventBusRabbitMQ\EventBusRabbitMQ.csproj", "{B61F4274-0DB0-4CF3-8307-599BA73F5776}"
EndProject
Project("{9A19103F-16F7-4668-BE54-9A1E7A4F7556}") = "ESourcing.Orders", "ESourcing.Order\ESourcing.Orders.csproj", "{9D63F79C-A5E1-4843-9182-D4291FABF10D}"
EndProject
Project("{9A19103F-16F7-4668-BE54-9A1E7A4F7556}") = "ESourcing.Ordering.Domain", "Services\Order\Order.Domain\ESourcing.Ordering.Domain.csproj", "{886C1E67-BD16-4AE7-B516-E851AC8785A8}"
EndProject
Project("{9A19103F-16F7-4668-BE54-9A1E7A4F7556}") = "ESouring.Ordering.Application", "Services\Order\Order.Application\ESouring.Ordering.Application.csproj", "{6D08AB7E-0BFE-4182-95C8-BF444B46520F}"
EndProject
Project("{9A19103F-16F7-4668-BE54-9A1E7A4F7556}") = "ESourcing.Ordering.Infrastructure", "Services\Order\Order.Infrastructure\ESourcing.Ordering.Infrastructure.csproj", "{C47B8741-8E0F-42E6-8938-423D8DEAE92E}"
EndProject
Project("{FAE04EC0-301F-11D3-BF4B-00C04F79EFBC}") = "ESourcing.ApiGateway", "ESourcing.ApiGateway\ESourcing.ApiGateway.csproj", "{5788D4BB-DDF9-4501-9356-9D3386AFAB61}"
EndProject
Global
	GlobalSection(SolutionConfigurationPlatforms) = preSolution
		Debug|Any CPU = Debug|Any CPU
		Release|Any CPU = Release|Any CPU
	EndGlobalSection
	GlobalSection(ProjectConfigurationPlatforms) = postSolution
		{6079A212-96FA-48B0-BFEB-8FFF2E182C9D}.Debug|Any CPU.ActiveCfg = Debug|Any CPU
		{6079A212-96FA-48B0-BFEB-8FFF2E182C9D}.Debug|Any CPU.Build.0 = Debug|Any CPU
		{6079A212-96FA-48B0-BFEB-8FFF2E182C9D}.Release|Any CPU.ActiveCfg = Release|Any CPU
		{6079A212-96FA-48B0-BFEB-8FFF2E182C9D}.Release|Any CPU.Build.0 = Release|Any CPU
		{7C119C78-5C76-4784-BC90-566EABD823EE}.Debug|Any CPU.ActiveCfg = Debug|Any CPU
		{7C119C78-5C76-4784-BC90-566EABD823EE}.Debug|Any CPU.Build.0 = Debug|Any CPU
		{7C119C78-5C76-4784-BC90-566EABD823EE}.Release|Any CPU.ActiveCfg = Release|Any CPU
		{7C119C78-5C76-4784-BC90-566EABD823EE}.Release|Any CPU.Build.0 = Release|Any CPU
		{872DF891-DD0C-4C82-B5A6-C713AE4588C2}.Debug|Any CPU.ActiveCfg = Debug|Any CPU
		{872DF891-DD0C-4C82-B5A6-C713AE4588C2}.Debug|Any CPU.Build.0 = Debug|Any CPU
		{872DF891-DD0C-4C82-B5A6-C713AE4588C2}.Release|Any CPU.ActiveCfg = Release|Any CPU
		{872DF891-DD0C-4C82-B5A6-C713AE4588C2}.Release|Any CPU.Build.0 = Release|Any CPU
		{B61F4274-0DB0-4CF3-8307-599BA73F5776}.Debug|Any CPU.ActiveCfg = Debug|Any CPU
		{B61F4274-0DB0-4CF3-8307-599BA73F5776}.Debug|Any CPU.Build.0 = Debug|Any CPU
		{B61F4274-0DB0-4CF3-8307-599BA73F5776}.Release|Any CPU.ActiveCfg = Release|Any CPU
		{B61F4274-0DB0-4CF3-8307-599BA73F5776}.Release|Any CPU.Build.0 = Release|Any CPU
		{9D63F79C-A5E1-4843-9182-D4291FABF10D}.Debug|Any CPU.ActiveCfg = Debug|Any CPU
		{9D63F79C-A5E1-4843-9182-D4291FABF10D}.Debug|Any CPU.Build.0 = Debug|Any CPU
		{9D63F79C-A5E1-4843-9182-D4291FABF10D}.Release|Any CPU.ActiveCfg = Release|Any CPU
		{9D63F79C-A5E1-4843-9182-D4291FABF10D}.Release|Any CPU.Build.0 = Release|Any CPU
		{886C1E67-BD16-4AE7-B516-E851AC8785A8}.Debug|Any CPU.ActiveCfg = Debug|Any CPU
		{886C1E67-BD16-4AE7-B516-E851AC8785A8}.Debug|Any CPU.Build.0 = Debug|Any CPU
		{886C1E67-BD16-4AE7-B516-E851AC8785A8}.Release|Any CPU.ActiveCfg = Release|Any CPU
		{886C1E67-BD16-4AE7-B516-E851AC8785A8}.Release|Any CPU.Build.0 = Release|Any CPU
		{6D08AB7E-0BFE-4182-95C8-BF444B46520F}.Debug|Any CPU.ActiveCfg = Debug|Any CPU
		{6D08AB7E-0BFE-4182-95C8-BF444B46520F}.Debug|Any CPU.Build.0 = Debug|Any CPU
		{6D08AB7E-0BFE-4182-95C8-BF444B46520F}.Release|Any CPU.ActiveCfg = Release|Any CPU
		{6D08AB7E-0BFE-4182-95C8-BF444B46520F}.Release|Any CPU.Build.0 = Release|Any CPU
		{C47B8741-8E0F-42E6-8938-423D8DEAE92E}.Debug|Any CPU.ActiveCfg = Debug|Any CPU
		{C47B8741-8E0F-42E6-8938-423D8DEAE92E}.Debug|Any CPU.Build.0 = Debug|Any CPU
		{C47B8741-8E0F-42E6-8938-423D8DEAE92E}.Release|Any CPU.ActiveCfg = Release|Any CPU
		{C47B8741-8E0F-42E6-8938-423D8DEAE92E}.Release|Any CPU.Build.0 = Release|Any CPU
		{5788D4BB-DDF9-4501-9356-9D3386AFAB61}.Debug|Any CPU.ActiveCfg = Debug|Any CPU
		{5788D4BB-DDF9-4501-9356-9D3386AFAB61}.Debug|Any CPU.Build.0 = Debug|Any CPU
		{5788D4BB-DDF9-4501-9356-9D3386AFAB61}.Release|Any CPU.ActiveCfg = Release|Any CPU
		{5788D4BB-DDF9-4501-9356-9D3386AFAB61}.Release|Any CPU.Build.0 = Release|Any CPU
	EndGlobalSection
	GlobalSection(SolutionProperties) = preSolution
		HideSolutionNode = FALSE
	EndGlobalSection
	GlobalSection(NestedProjects) = preSolution
		{6079A212-96FA-48B0-BFEB-8FFF2E182C9D} = {7E2B72D4-78D2-45DB-9148-22D69D0981F1}
		{7E2B72D4-78D2-45DB-9148-22D69D0981F1} = {D76A338D-2285-484D-B81F-9368287FB391}
		{D79A3F5E-2668-4A06-B3F7-0B7BC23CB259} = {D76A338D-2285-484D-B81F-9368287FB391}
		{60FE1BBA-CF8C-4180-B8C6-D28737CD423A} = {D76A338D-2285-484D-B81F-9368287FB391}
		{A2FCA806-755A-4199-9FA9-B4731D235B39} = {D76A338D-2285-484D-B81F-9368287FB391}
		{7C119C78-5C76-4784-BC90-566EABD823EE} = {A2FCA806-755A-4199-9FA9-B4731D235B39}
		{B61F4274-0DB0-4CF3-8307-599BA73F5776} = {D79A3F5E-2668-4A06-B3F7-0B7BC23CB259}
		{9D63F79C-A5E1-4843-9182-D4291FABF10D} = {60FE1BBA-CF8C-4180-B8C6-D28737CD423A}
		{886C1E67-BD16-4AE7-B516-E851AC8785A8} = {60FE1BBA-CF8C-4180-B8C6-D28737CD423A}
		{6D08AB7E-0BFE-4182-95C8-BF444B46520F} = {60FE1BBA-CF8C-4180-B8C6-D28737CD423A}
		{C47B8741-8E0F-42E6-8938-423D8DEAE92E} = {60FE1BBA-CF8C-4180-B8C6-D28737CD423A}
		{5788D4BB-DDF9-4501-9356-9D3386AFAB61} = {141AC2AB-EB1D-4EF5-BEC7-523DEE6194EE}
	EndGlobalSection
	GlobalSection(ExtensibilityGlobals) = postSolution
		SolutionGuid = {3B28ABAB-97F9-404E-8D33-843F2FF4CD49}
	EndGlobalSection
EndGlobal
