
Microsoft Visual Studio Solution File, Format Version 12.00
# Visual Studio Version 17
VisualStudioVersion = 17.2.32630.192
MinimumVisualStudioVersion = 10.0.40219.1
Project("{9A19103F-16F7-4668-BE54-9A1E7A4F7556}") = "ESourcing.Products", "ESourcing.Products\ESourcing.Products.csproj", "{6079A212-96FA-48B0-BFEB-8FFF2E182C9D}"
EndProject
Project("{2150E333-8FDC-42A3-9474-1A3956D46DE8}") = "Products", "Products", "{7E2B72D4-78D2-45DB-9148-22D69D0981F1}"
EndProject
Project("{2150E333-8FDC-42A3-9474-1A3956D46DE8}") = "ApiGateway", "ApiGateway", "{141AC2AB-EB1D-4EF5-BEC7-523DEE6194EE}"
EndProject
Project("{2150E333-8FDC-42A3-9474-1A3956D46DE8}") = "WebApp", "WebApp", "{018ECDED-7CC5-4A2D-888A-09B5CF3FDB14}"
EndProject
Project("{2150E333-8FDC-42A3-9474-1A3956D46DE8}") = "Services", "Services", "{D76A338D-2285-484D-B81F-9368287FB391}"
EndProject
Project("{2150E333-8FDC-42A3-9474-1A3956D46DE8}") = "Common", "Common", "{D79A3F5E-2668-4A06-B3F7-0B7BC23CB259}"
EndProject
Project("{2150E333-8FDC-42A3-9474-1A3956D46DE8}") = "Order", "Order", "{60FE1BBA-CF8C-4180-B8C6-D28737CD423A}"
EndProject
Project("{2150E333-8FDC-42A3-9474-1A3956D46DE8}") = "Sourcing", "Sourcing", "{A2FCA806-755A-4199-9FA9-B4731D235B39}"
EndProject
Project("{E53339B2-1760-4266-BCC7-CA923CBCF16C}") = "docker-compose", "docker-compose.dcproj", "{75D903CF-5BBC-4B67-8D8D-18820458A28F}"
EndProject
Global
	GlobalSection(SolutionConfigurationPlatforms) = preSolution
		Debug|Any CPU = Debug|Any CPU
		Release|Any CPU = Release|Any CPU
	EndGlobalSection
	GlobalSection(ProjectConfigurationPlatforms) = postSolution
		{6079A212-96FA-48B0-BFEB-8FFF2E182C9D}.Debug|Any CPU.ActiveCfg = Debug|Any CPU
		{6079A212-96FA-48B0-BFEB-8FFF2E182C9D}.Debug|Any CPU.Build.0 = Debug|Any CPU
		{6079A212-96FA-48B0-BFEB-8FFF2E182C9D}.Release|Any CPU.ActiveCfg = Release|Any CPU
		{6079A212-96FA-48B0-BFEB-8FFF2E182C9D}.Release|Any CPU.Build.0 = Release|Any CPU
		{75D903CF-5BBC-4B67-8D8D-18820458A28F}.Debug|Any CPU.ActiveCfg = Debug|Any CPU
		{75D903CF-5BBC-4B67-8D8D-18820458A28F}.Debug|Any CPU.Build.0 = Debug|Any CPU
		{75D903CF-5BBC-4B67-8D8D-18820458A28F}.Release|Any CPU.ActiveCfg = Release|Any CPU
		{75D903CF-5BBC-4B67-8D8D-18820458A28F}.Release|Any CPU.Build.0 = Release|Any CPU
	EndGlobalSection
	GlobalSection(SolutionProperties) = preSolution
		HideSolutionNode = FALSE
	EndGlobalSection
	GlobalSection(NestedProjects) = preSolution
		{6079A212-96FA-48B0-BFEB-8FFF2E182C9D} = {7E2B72D4-78D2-45DB-9148-22D69D0981F1}
		{7E2B72D4-78D2-45DB-9148-22D69D0981F1} = {D76A338D-2285-484D-B81F-9368287FB391}
		{D79A3F5E-2668-4A06-B3F7-0B7BC23CB259} = {D76A338D-2285-484D-B81F-9368287FB391}
		{60FE1BBA-CF8C-4180-B8C6-D28737CD423A} = {D76A338D-2285-484D-B81F-9368287FB391}
		{A2FCA806-755A-4199-9FA9-B4731D235B39} = {D76A338D-2285-484D-B81F-9368287FB391}
	EndGlobalSection
	GlobalSection(ExtensibilityGlobals) = postSolution
		SolutionGuid = {3B28ABAB-97F9-404E-8D33-843F2FF4CD49}
	EndGlobalSection
EndGlobal
